
Microsoft Visual Studio Solution File, Format Version 12.00
# Visual Studio Version 17
VisualStudioVersion = 17.7.34024.191
MinimumVisualStudioVersion = 10.0.40219.1
Project("{FAE04EC0-301F-11D3-BF4B-00C04F79EFBC}") = "11_Masivi_2_3labots", "11_Masivi_2_3labots\11_Masivi_2_3labots.csproj", "{FCC22510-9B98-4C47-8ADD-8E4127D04F69}"
EndProject
Global
	GlobalSection(SolutionConfigurationPlatforms) = preSolution
		Debug|Any CPU = Debug|Any CPU
		Release|Any CPU = Release|Any CPU
	EndGlobalSection
	GlobalSection(ProjectConfigurationPlatforms) = postSolution
		{FCC22510-9B98-4C47-8ADD-8E4127D04F69}.Debug|Any CPU.ActiveCfg = Debug|Any CPU
		{FCC22510-9B98-4C47-8ADD-8E4127D04F69}.Debug|Any CPU.Build.0 = Debug|Any CPU
		{FCC22510-9B98-4C47-8ADD-8E4127D04F69}.Release|Any CPU.ActiveCfg = Release|Any CPU
		{FCC22510-9B98-4C47-8ADD-8E4127D04F69}.Release|Any CPU.Build.0 = Release|Any CPU
	EndGlobalSection
	GlobalSection(SolutionProperties) = preSolution
		HideSolutionNode = FALSE
	EndGlobalSection
	GlobalSection(ExtensibilityGlobals) = postSolution
		SolutionGuid = {B9C1DF8F-58C3-46E0-8082-A4BA1316811D}
	EndGlobalSection
EndGlobal
